github.com/agnivade/levenshtein v1.1.1 h1:QY8M92nrzkmr798gCo3kmMyqXFzdQVpxLlGPRBij0P8=
github.com/agnivade/levenshtein v1.1.1/go.mod h1:veldBMzWxcCG2ZvUTKD2kJNRdCk5hVbJomOvKkmgYbo=
github.com/arbovm/levenshtein v0.0.0-20160628152529-48b4e1c0c4d0 h1:jfIu9sQUG6Ig+0+Ap1h4unLjW6YQJpKZVmUzxsD4E/Q=
github.com/arbovm/levenshtein v0.0.0-20160628152529-48b4e1c0c4d0/go.mod h1:t2tdKJDJF9BV14lnkjHmOQgcvEKgtqs5a1N3LNdJhGE=
github.com/dgryski/trifles v0.0.0-20200323201526-dd97f9abfb48 h1:fRzb/w+pyskVMQ+UbP35JkH8yB7MYb4q/qhBarqZE6g=
github.com/dgryski/trifles v0.0.0-20200323201526-dd97f9abfb48/go.mod h1:if7Fbed8SFyPtHLHbg49SI7NAdJiC5WIA09pe59rfAA=
github.com/go-viper/mapstructure/v2 v2.1.0 h1:gHnMa2Y/pIxElCH2GlZZ1lZSsn6XMtufpGyP1XxdC/w=
github.com/go-viper/mapstructure/v2 v2.1.0/go.mod h1:oJDH3BJKyqBA2TXFhDsKDGDTlndYOZ6rGS0BRZIxGhM=
github.com/go-viper/mapstructure/v2 v2.2.0 h1:zGE1Kaz78LVwzU0kOfZuqwKKiG1gLkHTZ/cZioHp9po=
github.com/go-viper/mapstructure/v2 v2.2.0/go.mod h1:oJDH3BJKyqBA2TXFhDsKDGDTlndYOZ6rGS0BRZIxGhM=
go.trulyao.dev/mirror/v2 v2.1.1 h1:fw2hcqv9qEiqLz10d/Ra1gNPV47porS9qAbHHUG6KPs=
go.trulyao.dev/mirror/v2 v2.1.1/go.mod h1:p34LklPOZN3uNV/in0igi3Vv2NqvThQSzY5A/qzVuRo=
go.trulyao.dev/mirror/v2 v2.2.0 h1:0wdveHOsHi0jOj4llQ+xA+opft4jv2I71NXfiGvp8DA=
go.trulyao.dev/mirror/v2 v2.2.0/go.mod h1:p34LklPOZN3uNV/in0igi3Vv2NqvThQSzY5A/qzVuRo=
go.trulyao.dev/mirror/v2 v2.3.0 h1:3y8S+zk5NOLrDC7pK/yec9ZcYn++Gy1toZDXtKUZKnw=
go.trulyao.dev/mirror/v2 v2.3.0/go.mod h1:p34LklPOZN3uNV/in0igi3Vv2NqvThQSzY5A/qzVuRo=
go.trulyao.dev/mirror/v2 v2.4.0 h1:PmPDmYgiPIU0wSg7bOMsxm/V69a8h5g/JEJqQeUHFaA=
go.trulyao.dev/mirror/v2 v2.4.0/go.mod h1:p34LklPOZN3uNV/in0igi3Vv2NqvThQSzY5A/qzVuRo=
go.trulyao.dev/mirror/v2 v2.4.1 h1:UaaN/cFkQpPWLb5/GTKWQ9qUAythcst+Rfll1bdOnZE=
go.trulyao.dev/mirror/v2 v2.4.1/go.mod h1:p34LklPOZN3uNV/in0igi3Vv2NqvThQSzY5A/qzVuRo=
go.trulyao.dev/mirror/v2 v2.5.0 h1:PHYZq437TQA0meC2nc/PCxv2VGIlxxOnrQuGTbvz1yA=
go.trulyao.dev/mirror/v2 v2.5.0/go.mod h1:p34LklPOZN3uNV/in0igi3Vv2NqvThQSzY5A/qzVuRo=
go.trulyao.dev/mirror/v2 v2.6.0 h1:5wnbgrDrtBw1OLAJTjOWwveNG40kbXnxn9tgIBJNRV4=
go.trulyao.dev/mirror/v2 v2.6.0/go.mod h1:p34LklPOZN3uNV/in0igi3Vv2NqvThQSzY5A/qzVuRo=
go.trulyao.dev/mirror/v2 v2.6.1 h1:7QMIHwCdAVfoM/S0iSl1nFaTcVpZTY/Qqa0Qn1v2maM=
go.trulyao.dev/mirror/v2 v2.6.1/go.mod h1:p34LklPOZN3uNV/in0igi3Vv2NqvThQSzY5A/qzVuRo=
go.trulyao.dev/mirror/v2 v2.7.0 h1:P2JfRKMWob0ZOZuRiIJ3c9YpzBIAELMlpChY/iLRxks=
go.trulyao.dev/mirror/v2 v2.7.0/go.mod h1:p34LklPOZN3uNV/in0igi3Vv2NqvThQSzY5A/qzVuRo=
